{
  "requires": true,
  "lockfileVersion": 1,
  "dependencies": {
    "fslightbox": {
      "version": "3.1.0",
      "resolved": "https://registry.npmjs.org/fslightbox/-/fslightbox-3.1.0.tgz",
      "integrity": "sha512-nqtuEhfzIbcxz59yLe4y/mwSX8V85GxSkV5iugrsUCNy6Pxqmg44whUT6SpOWo8iVS5gJSSk6/kNopV2W2ZXvw==",
      "dev": true
    }
  }
}
